
Microsoft Visual Studio Solution File, Format Version 12.00
# Visual Studio Version 16
VisualStudioVersion = 16.0.31229.75
MinimumVisualStudioVersion = 10.0.40219.1
Project("{FAE04EC0-301F-11D3-BF4B-00C04F79EFBC}") = "Xadrez-Console", "Xadrez-Console\Xadrez-Console.csproj", "{C57D217B-301A-4910-85B5-0C43397167A0}"
EndProject
Global
	GlobalSection(SolutionConfigurationPlatforms) = preSolution
		Debug|Any CPU = Debug|Any CPU
		Release|Any CPU = Release|Any CPU
	EndGlobalSection
	GlobalSection(ProjectConfigurationPlatforms) = postSolution
		{C57D217B-301A-4910-85B5-0C43397167A0}.Debug|Any CPU.ActiveCfg = Debug|Any CPU
		{C57D217B-301A-4910-85B5-0C43397167A0}.Debug|Any CPU.Build.0 = Debug|Any CPU
		{C57D217B-301A-4910-85B5-0C43397167A0}.Release|Any CPU.ActiveCfg = Release|Any CPU
		{C57D217B-301A-4910-85B5-0C43397167A0}.Release|Any CPU.Build.0 = Release|Any CPU
	EndGlobalSection
	GlobalSection(SolutionProperties) = preSolution
		HideSolutionNode = FALSE
	EndGlobalSection
	GlobalSection(ExtensibilityGlobals) = postSolution
		SolutionGuid = {AEA149E8-6D9D-4D3B-A50A-910BE4D2F1E1}
	EndGlobalSection
EndGlobal
